
Microsoft Visual Studio Solution File, Format Version 12.00
# Visual Studio 15
VisualStudioVersion = 15.0.28306.52
MinimumVisualStudioVersion = 10.0.40219.1
Project("{9A19103F-16F7-4668-BE54-9A1E7A4F7556}") = "uFood.API", "uFood.API\uFood.API.csproj", "{8BC51BDA-70EF-4CA0-B5DA-898DA8D63FAD}"
EndProject
Project("{FAE04EC0-301F-11D3-BF4B-00C04F79EFBC}") = "uFood.Data", "uFood.Data\uFood.Data.csproj", "{DF0897D5-0019-4853-B96D-5C8931A1CA96}"
EndProject
Global
	GlobalSection(SolutionConfigurationPlatforms) = preSolution
		Debug|Any CPU = Debug|Any CPU
		Release|Any CPU = Release|Any CPU
	EndGlobalSection
	GlobalSection(ProjectConfigurationPlatforms) = postSolution
		{8BC51BDA-70EF-4CA0-B5DA-898DA8D63FAD}.Debug|Any CPU.ActiveCfg = Debug|Any CPU
		{8BC51BDA-70EF-4CA0-B5DA-898DA8D63FAD}.Debug|Any CPU.Build.0 = Debug|Any CPU
		{8BC51BDA-70EF-4CA0-B5DA-898DA8D63FAD}.Release|Any CPU.ActiveCfg = Release|Any CPU
		{8BC51BDA-70EF-4CA0-B5DA-898DA8D63FAD}.Release|Any CPU.Build.0 = Release|Any CPU
		{DF0897D5-0019-4853-B96D-5C8931A1CA96}.Debug|Any CPU.ActiveCfg = Debug|Any CPU
		{DF0897D5-0019-4853-B96D-5C8931A1CA96}.Debug|Any CPU.Build.0 = Debug|Any CPU
		{DF0897D5-0019-4853-B96D-5C8931A1CA96}.Release|Any CPU.ActiveCfg = Release|Any CPU
		{DF0897D5-0019-4853-B96D-5C8931A1CA96}.Release|Any CPU.Build.0 = Release|Any CPU
	EndGlobalSection
	GlobalSection(SolutionProperties) = preSolution
		HideSolutionNode = FALSE
	EndGlobalSection
	GlobalSection(ExtensibilityGlobals) = postSolution
		SolutionGuid = {A9309383-B3A6-49D2-8F1B-873AD7A36A9E}
	EndGlobalSection
EndGlobal
