
Microsoft Visual Studio Solution File, Format Version 12.00
# Visual Studio 15
VisualStudioVersion = 15.0.28306.52
MinimumVisualStudioVersion = 10.0.40219.1
Project("{9A19103F-16F7-4668-BE54-9A1E7A4F7556}") = "uFood.API", "uFood.API\uFood.API.csproj", "{8BC51BDA-70EF-4CA0-B5DA-898DA8D63FAD}"
EndProject
Project("{9A19103F-16F7-4668-BE54-9A1E7A4F7556}") = "uFood.Infrastructure", "uFood.Infrastructure\uFood.Infrastructure.csproj", "{B074567E-9662-4F3F-9DB1-5D2B7B2598E8}"
EndProject
Project("{9A19103F-16F7-4668-BE54-9A1E7A4F7556}") = "uFood.Infrastructure.OpenDataHub", "uFood.Infrastructure.OpenDataHub\uFood.Infrastructure.OpenDataHub.csproj", "{962EB527-B327-4E19-96B3-0718BF8E3BC0}"
EndProject
Project("{9A19103F-16F7-4668-BE54-9A1E7A4F7556}") = "uFood.Infrastructure.LichtBild", "uFood.Infrastructure.LichtBild\uFood.Infrastructure.LichtBild.csproj", "{FF03012E-B787-478B-AA58-8B8D188EC8E2}"
EndProject
Project("{9A19103F-16F7-4668-BE54-9A1E7A4F7556}") = "uFood.ServiceLayer", "uFood.ServiceLayer\uFood.ServiceLayer.csproj", "{3922C2E3-6C3D-4E14-88C1-CB837AAC58AB}"
EndProject
Global
	GlobalSection(SolutionConfigurationPlatforms) = preSolution
		Debug|Any CPU = Debug|Any CPU
		Release|Any CPU = Release|Any CPU
	EndGlobalSection
	GlobalSection(ProjectConfigurationPlatforms) = postSolution
		{8BC51BDA-70EF-4CA0-B5DA-898DA8D63FAD}.Debug|Any CPU.ActiveCfg = Debug|Any CPU
		{8BC51BDA-70EF-4CA0-B5DA-898DA8D63FAD}.Debug|Any CPU.Build.0 = Debug|Any CPU
		{8BC51BDA-70EF-4CA0-B5DA-898DA8D63FAD}.Release|Any CPU.ActiveCfg = Release|Any CPU
		{8BC51BDA-70EF-4CA0-B5DA-898DA8D63FAD}.Release|Any CPU.Build.0 = Release|Any CPU
		{B074567E-9662-4F3F-9DB1-5D2B7B2598E8}.Debug|Any CPU.ActiveCfg = Debug|Any CPU
		{B074567E-9662-4F3F-9DB1-5D2B7B2598E8}.Debug|Any CPU.Build.0 = Debug|Any CPU
		{B074567E-9662-4F3F-9DB1-5D2B7B2598E8}.Release|Any CPU.ActiveCfg = Release|Any CPU
		{B074567E-9662-4F3F-9DB1-5D2B7B2598E8}.Release|Any CPU.Build.0 = Release|Any CPU
		{962EB527-B327-4E19-96B3-0718BF8E3BC0}.Debug|Any CPU.ActiveCfg = Debug|Any CPU
		{962EB527-B327-4E19-96B3-0718BF8E3BC0}.Debug|Any CPU.Build.0 = Debug|Any CPU
		{962EB527-B327-4E19-96B3-0718BF8E3BC0}.Release|Any CPU.ActiveCfg = Release|Any CPU
		{962EB527-B327-4E19-96B3-0718BF8E3BC0}.Release|Any CPU.Build.0 = Release|Any CPU
		{FF03012E-B787-478B-AA58-8B8D188EC8E2}.Debug|Any CPU.ActiveCfg = Debug|Any CPU
		{FF03012E-B787-478B-AA58-8B8D188EC8E2}.Debug|Any CPU.Build.0 = Debug|Any CPU
		{FF03012E-B787-478B-AA58-8B8D188EC8E2}.Release|Any CPU.ActiveCfg = Release|Any CPU
		{FF03012E-B787-478B-AA58-8B8D188EC8E2}.Release|Any CPU.Build.0 = Release|Any CPU
		{3922C2E3-6C3D-4E14-88C1-CB837AAC58AB}.Debug|Any CPU.ActiveCfg = Debug|Any CPU
		{3922C2E3-6C3D-4E14-88C1-CB837AAC58AB}.Debug|Any CPU.Build.0 = Debug|Any CPU
		{3922C2E3-6C3D-4E14-88C1-CB837AAC58AB}.Release|Any CPU.ActiveCfg = Release|Any CPU
		{3922C2E3-6C3D-4E14-88C1-CB837AAC58AB}.Release|Any CPU.Build.0 = Release|Any CPU
	EndGlobalSection
	GlobalSection(SolutionProperties) = preSolution
		HideSolutionNode = FALSE
	EndGlobalSection
	GlobalSection(ExtensibilityGlobals) = postSolution
		SolutionGuid = {A9309383-B3A6-49D2-8F1B-873AD7A36A9E}
	EndGlobalSection
EndGlobal
